
Microsoft Visual Studio Solution File, Format Version 12.00
# Visual Studio Version 16
VisualStudioVersion = 16.0.31729.503
MinimumVisualStudioVersion = 10.0.40219.1
Project("{9A19103F-16F7-4668-BE54-9A1E7A4F7556}") = "MicroServ", "MicroServ\MicroServ.csproj", "{70E15737-268F-418A-91D6-1C92E9571210}"
EndProject
Project("{9A19103F-16F7-4668-BE54-9A1E7A4F7556}") = "MetricManadgerTest", "MetricManadgerTest\MetricManadgerTest.csproj", "{5149D16B-9A3F-46AA-8565-9AB64C335656}"
EndProject
Project("{FAE04EC0-301F-11D3-BF4B-00C04F79EFBC}") = "Core", "Core\Core.csproj", "{09414201-3496-4079-A88A-39A1D7C30DA3}"
EndProject
Global
	GlobalSection(SolutionConfigurationPlatforms) = preSolution
		Debug|Any CPU = Debug|Any CPU
		Release|Any CPU = Release|Any CPU
	EndGlobalSection
	GlobalSection(ProjectConfigurationPlatforms) = postSolution
		{70E15737-268F-418A-91D6-1C92E9571210}.Debug|Any CPU.ActiveCfg = Debug|Any CPU
		{70E15737-268F-418A-91D6-1C92E9571210}.Debug|Any CPU.Build.0 = Debug|Any CPU
		{70E15737-268F-418A-91D6-1C92E9571210}.Release|Any CPU.ActiveCfg = Release|Any CPU
		{70E15737-268F-418A-91D6-1C92E9571210}.Release|Any CPU.Build.0 = Release|Any CPU
		{5149D16B-9A3F-46AA-8565-9AB64C335656}.Debug|Any CPU.ActiveCfg = Debug|Any CPU
		{5149D16B-9A3F-46AA-8565-9AB64C335656}.Debug|Any CPU.Build.0 = Debug|Any CPU
		{5149D16B-9A3F-46AA-8565-9AB64C335656}.Release|Any CPU.ActiveCfg = Release|Any CPU
		{5149D16B-9A3F-46AA-8565-9AB64C335656}.Release|Any CPU.Build.0 = Release|Any CPU
		{09414201-3496-4079-A88A-39A1D7C30DA3}.Debug|Any CPU.ActiveCfg = Debug|Any CPU
		{09414201-3496-4079-A88A-39A1D7C30DA3}.Debug|Any CPU.Build.0 = Debug|Any CPU
		{09414201-3496-4079-A88A-39A1D7C30DA3}.Release|Any CPU.ActiveCfg = Release|Any CPU
		{09414201-3496-4079-A88A-39A1D7C30DA3}.Release|Any CPU.Build.0 = Release|Any CPU
	EndGlobalSection
	GlobalSection(SolutionProperties) = preSolution
		HideSolutionNode = FALSE
	EndGlobalSection
	GlobalSection(ExtensibilityGlobals) = postSolution
		SolutionGuid = {4502EE2C-1613-4738-9A4D-C2AF5A8E104F}
	EndGlobalSection
EndGlobal
